
Microsoft Visual Studio Solution File, Format Version 12.00
# Visual Studio Version 17
VisualStudioVersion = 17.4.33205.214
MinimumVisualStudioVersion = 10.0.40219.1
Project("{FAE04EC0-301F-11D3-BF4B-00C04F79EFBC}") = "EyeChic_API", "EyeChic_API\EyeChic_API.csproj", "{2805A57A-3EC0-4D8F-9DD9-7DD0CA457E3E}"
EndProject
Project("{FAE04EC0-301F-11D3-BF4B-00C04F79EFBC}") = "EyeChic_MVC", "EyeChic_MVC\EyeChic_MVC.csproj", "{11158572-4C1C-44E1-BB09-15FDD43AD53A}"
EndProject
Global
	GlobalSection(SolutionConfigurationPlatforms) = preSolution
		Debug|Any CPU = Debug|Any CPU
		Release|Any CPU = Release|Any CPU
	EndGlobalSection
	GlobalSection(ProjectConfigurationPlatforms) = postSolution
		{2805A57A-3EC0-4D8F-9DD9-7DD0CA457E3E}.Debug|Any CPU.ActiveCfg = Debug|Any CPU
		{2805A57A-3EC0-4D8F-9DD9-7DD0CA457E3E}.Debug|Any CPU.Build.0 = Debug|Any CPU
		{2805A57A-3EC0-4D8F-9DD9-7DD0CA457E3E}.Release|Any CPU.ActiveCfg = Release|Any CPU
		{2805A57A-3EC0-4D8F-9DD9-7DD0CA457E3E}.Release|Any CPU.Build.0 = Release|Any CPU
		{11158572-4C1C-44E1-BB09-15FDD43AD53A}.Debug|Any CPU.ActiveCfg = Debug|Any CPU
		{11158572-4C1C-44E1-BB09-15FDD43AD53A}.Debug|Any CPU.Build.0 = Debug|Any CPU
		{11158572-4C1C-44E1-BB09-15FDD43AD53A}.Release|Any CPU.ActiveCfg = Release|Any CPU
		{11158572-4C1C-44E1-BB09-15FDD43AD53A}.Release|Any CPU.Build.0 = Release|Any CPU
	EndGlobalSection
	GlobalSection(SolutionProperties) = preSolution
		HideSolutionNode = FALSE
	EndGlobalSection
	GlobalSection(ExtensibilityGlobals) = postSolution
		SolutionGuid = {5020977F-41F6-4BCC-B423-3B29FFBBCF35}
	EndGlobalSection
EndGlobal
